{
  "name": "insomnia-plugin-wings-encryption",
  "version": "0.0.1",
  "lockfileVersion": 3,
  "requires": true,
  "packages": {
    "": {
      "name": "insomnia-plugin-wings-encryption",
      "version": "0.0.1",
      "dependencies": {
        "jsrsasign": "^10.8.6"
      }
    },
    "node_modules/jsrsasign": {
      "version": "10.8.6",
      "resolved": "https://registry.npmjs.org/jsrsasign/-/jsrsasign-10.8.6.tgz",
      "integrity": "sha512-bQmbVtsfbgaKBTWCKiDCPlUPbdlRIK/FzSwT3BzIgZl/cU6TqXu6pZJsCI/dJVrZ9Gir5GC4woqw9shH/v7MBw==",
      "funding": {
        "url": "https://github.com/kjur/jsrsasign#donations"
      }
    }
  }
}
